
Microsoft Visual Studio Solution File, Format Version 12.00
# Visual Studio 15
VisualStudioVersion = 15.0.28307.705
MinimumVisualStudioVersion = 10.0.40219.1
Project("{8BC9CEB8-8B4A-11D0-8D11-00A0C91BC942}") = "Procedural-Terrain", "Procedural-Terrain\Procedural-Terrain.vcxproj", "{EB3354D2-FBB9-4F84-A25D-B0D8A038978A}"
EndProject
Project("{8BC9CEB8-8B4A-11D0-8D11-00A0C91BC942}") = "Voxel-Engine", "Voxel-Engine\Voxel-Engine.vcxproj", "{E5B83587-A345-4CA2-8C76-CBC7740BAC11}"
EndProject
Global
	GlobalSection(SolutionConfigurationPlatforms) = preSolution
		Debug|x64 = Debug|x64
		Debug|x86 = Debug|x86
		Release|x64 = Release|x64
		Release|x86 = Release|x86
	EndGlobalSection
	GlobalSection(ProjectConfigurationPlatforms) = postSolution
		{EB3354D2-FBB9-4F84-A25D-B0D8A038978A}.Debug|x64.ActiveCfg = Debug|x64
		{EB3354D2-FBB9-4F84-A25D-B0D8A038978A}.Debug|x64.Build.0 = Debug|x64
		{EB3354D2-FBB9-4F84-A25D-B0D8A038978A}.Debug|x86.ActiveCfg = Debug|Win32
		{EB3354D2-FBB9-4F84-A25D-B0D8A038978A}.Debug|x86.Build.0 = Debug|Win32
		{EB3354D2-FBB9-4F84-A25D-B0D8A038978A}.Release|x64.ActiveCfg = Release|x64
		{EB3354D2-FBB9-4F84-A25D-B0D8A038978A}.Release|x64.Build.0 = Release|x64
		{EB3354D2-FBB9-4F84-A25D-B0D8A038978A}.Release|x86.ActiveCfg = Release|Win32
		{EB3354D2-FBB9-4F84-A25D-B0D8A038978A}.Release|x86.Build.0 = Release|Win32
		{E5B83587-A345-4CA2-8C76-CBC7740BAC11}.Debug|x64.ActiveCfg = Debug|x64
		{E5B83587-A345-4CA2-8C76-CBC7740BAC11}.Debug|x64.Build.0 = Debug|x64
		{E5B83587-A345-4CA2-8C76-CBC7740BAC11}.Debug|x86.ActiveCfg = Debug|Win32
		{E5B83587-A345-4CA2-8C76-CBC7740BAC11}.Debug|x86.Build.0 = Debug|Win32
		{E5B83587-A345-4CA2-8C76-CBC7740BAC11}.Release|x64.ActiveCfg = Release|x64
		{E5B83587-A345-4CA2-8C76-CBC7740BAC11}.Release|x64.Build.0 = Release|x64
		{E5B83587-A345-4CA2-8C76-CBC7740BAC11}.Release|x86.ActiveCfg = Release|Win32
		{E5B83587-A345-4CA2-8C76-CBC7740BAC11}.Release|x86.Build.0 = Release|Win32
	EndGlobalSection
	GlobalSection(SolutionProperties) = preSolution
		HideSolutionNode = FALSE
	EndGlobalSection
	GlobalSection(ExtensibilityGlobals) = postSolution
		SolutionGuid = {F2AB4E69-E9B4-4B06-BC51-C99F091EF459}
	EndGlobalSection
EndGlobal
